
Microsoft Visual Studio Solution File, Format Version 12.00
# Visual Studio 2012
Project("{FAE04EC0-301F-11D3-BF4B-00C04F79EFBC}") = "TextEditor", "TextEditor\TextEditor.csproj", "{C8029E9A-8DE5-4506-B2AE-2529A17820F2}"
EndProject
Global
	GlobalSection(SolutionConfigurationPlatforms) = preSolution
		Debug|Any CPU = Debug|Any CPU
		Release|Any CPU = Release|Any CPU
	EndGlobalSection
	GlobalSection(ProjectConfigurationPlatforms) = postSolution
		{C8029E9A-8DE5-4506-B2AE-2529A17820F2}.Debug|Any CPU.ActiveCfg = Debug|Any CPU
		{C8029E9A-8DE5-4506-B2AE-2529A17820F2}.Debug|Any CPU.Build.0 = Debug|Any CPU
		{C8029E9A-8DE5-4506-B2AE-2529A17820F2}.Release|Any CPU.ActiveCfg = Release|Any CPU
		{C8029E9A-8DE5-4506-B2AE-2529A17820F2}.Release|Any CPU.Build.0 = Release|Any CPU
	EndGlobalSection
	GlobalSection(SolutionProperties) = preSolution
		HideSolutionNode = FALSE
	EndGlobalSection
EndGlobal
